// !$*UTF8*$!
{
	archiveVersion = 1;
	classes = {
	};
	objectVersion = 46;
	objects = {

/* Begin PBXBuildFile section */
		2E1F3E9D1B913CE30000DF65 /* default_settings.json in Headers */ = {isa = PBXBuildFile; fileRef = 2E8C3D301B8FDFAE00F4D253 /* default_settings.json */; settings = {ATTRIBUTES = (Public, ); }; };
		2E1F3E9E1B913CE30000DF65 /* settings.json in Headers */ = {isa = PBXBuildFile; fileRef = 2E8C3D2E1B8FDC5A00F4D253 /* settings.json */; settings = {ATTRIBUTES = (Public, ); }; };
		2E1F3EA01B913D940000DF65 /* default_settings.json in CopyFiles */ = {isa = PBXBuildFile; fileRef = 2E8C3D301B8FDFAE00F4D253 /* default_settings.json */; };
		2E1F3EA11B913D940000DF65 /* settings.json in CopyFiles */ = {isa = PBXBuildFile; fileRef = 2E8C3D2E1B8FDC5A00F4D253 /* settings.json */; };
		2E2E82831A7099A800F83374 /* MonthViewController.swift in Sources */ = {isa = PBXBuildFile; fileRef = 2E2E82821A7099A800F83374 /* MonthViewController.swift */; };
		2E39009F1B0E4B05005B4E6E /* Event.swift in Sources */ = {isa = PBXBuildFile; fileRef = 2E39009E1B0E4B05005B4E6E /* Event.swift */; };
		2E54ED191B89508F00E1F166 /* SettingsViewController.swift in Sources */ = {isa = PBXBuildFile; fileRef = 2E54ED181B89508F00E1F166 /* SettingsViewController.swift */; };
		2E54ED201B89522000E1F166 /* SidePanelCell.swift in Sources */ = {isa = PBXBuildFile; fileRef = 2E54ED1F1B89522000E1F166 /* SidePanelCell.swift */; };
		2E54ED251B8BF02B00E1F166 /* SettingsTableViewCell.swift in Sources */ = {isa = PBXBuildFile; fileRef = 2E54ED241B8BF02B00E1F166 /* SettingsTableViewCell.swift */; };
		2E54ED271B8D3A0200E1F166 /* SettingsSubViewController.swift in Sources */ = {isa = PBXBuildFile; fileRef = 2E54ED261B8D3A0200E1F166 /* SettingsSubViewController.swift */; };
		2E5BDB831B840B53002F81F4 /* ContainerViewController.swift in Sources */ = {isa = PBXBuildFile; fileRef = 2E5BDB821B840B53002F81F4 /* ContainerViewController.swift */; };
		2E5BDB851B8412C1002F81F4 /* CenterViewController.swift in Sources */ = {isa = PBXBuildFile; fileRef = 2E5BDB841B8412C1002F81F4 /* CenterViewController.swift */; };
		2E5BDB871B841529002F81F4 /* SidePanelViewController.swift in Sources */ = {isa = PBXBuildFile; fileRef = 2E5BDB861B841529002F81F4 /* SidePanelViewController.swift */; };
		2E76222B1A6DB16200EAB134 /* README.md in Sources */ = {isa = PBXBuildFile; fileRef = 2E76222A1A6DB16200EAB134 /* README.md */; };
		2E8C3D2F1B8FDC5A00F4D253 /* settings.json in Resources */ = {isa = PBXBuildFile; fileRef = 2E8C3D2E1B8FDC5A00F4D253 /* settings.json */; };
		2E8C3D311B8FDFAE00F4D253 /* default_settings.json in Resources */ = {isa = PBXBuildFile; fileRef = 2E8C3D301B8FDFAE00F4D253 /* default_settings.json */; };
		2ED290141A70AED000DF4356 /* MonthViewCell.swift in Sources */ = {isa = PBXBuildFile; fileRef = 2ED290131A70AED000DF4356 /* MonthViewCell.swift */; };
		2ED290161A70B10500DF4356 /* DayViewController.swift in Sources */ = {isa = PBXBuildFile; fileRef = 2ED290151A70B10500DF4356 /* DayViewController.swift */; };
		2ED2901A1A73284E00DF4356 /* KOOLColors.swift in Sources */ = {isa = PBXBuildFile; fileRef = 2ED290191A73284E00DF4356 /* KOOLColors.swift */; };
		2ED290871A7485A200DF4356 /* Koolendar.xcdatamodeld in Sources */ = {isa = PBXBuildFile; fileRef = 2ED290851A7485A200DF4356 /* Koolendar.xcdatamodeld */; };
		2ED687991B880121003F7457 /* SQLite.framework in Frameworks */ = {isa = PBXBuildFile; fileRef = 2ED687901B8800DC003F7457 /* SQLite.framework */; };
		2ED6879A1B880133003F7457 /* SQLite.framework in CopyFiles */ = {isa = PBXBuildFile; fileRef = 2ED687901B8800DC003F7457 /* SQLite.framework */; settings = {ATTRIBUTES = (CodeSignOnCopy, RemoveHeadersOnCopy, ); }; };
		2EDECBBC1AEB424B0059D523 /* DayOfTheWeekCell.swift in Sources */ = {isa = PBXBuildFile; fileRef = 2EDECBBB1AEB424B0059D523 /* DayOfTheWeekCell.swift */; };
		DB3495CF1A6D78CF0083668E /* AppDelegate.swift in Sources */ = {isa = PBXBuildFile; fileRef = DB3495CE1A6D78CF0083668E /* AppDelegate.swift */; };
		DB3495D41A6D78CF0083668E /* Main.storyboard in Resources */ = {isa = PBXBuildFile; fileRef = DB3495D21A6D78CF0083668E /* Main.storyboard */; };
		DB3495D61A6D78CF0083668E /* Images.xcassets in Resources */ = {isa = PBXBuildFile; fileRef = DB3495D51A6D78CF0083668E /* Images.xcassets */; };
		DB3495D91A6D78CF0083668E /* LaunchScreen.xib in Resources */ = {isa = PBXBuildFile; fileRef = DB3495D71A6D78CF0083668E /* LaunchScreen.xib */; };
		DB3495E51A6D78CF0083668E /* KoolendarTests.swift in Sources */ = {isa = PBXBuildFile; fileRef = DB3495E41A6D78CF0083668E /* KoolendarTests.swift */; };
		DB3495F21A6D87570083668E /* image-2013-08-25-024001.jpeg in Resources */ = {isa = PBXBuildFile; fileRef = DB3495F01A6D87570083668E /* image-2013-08-25-024001.jpeg */; };
		DB3495F31A6D87570083668E /* image-2013-08-25-024033.jpeg in Resources */ = {isa = PBXBuildFile; fileRef = DB3495F11A6D87570083668E /* image-2013-08-25-024033.jpeg */; };
		DB3495F71A6D8DDC0083668E /* url-3.jpg in Resources */ = {isa = PBXBuildFile; fileRef = DB3495F61A6D8DDC0083668E /* url-3.jpg */; };
		DB7577A91AA224A700159E18 /* EventCell.swift in Sources */ = {isa = PBXBuildFile; fileRef = DB7577A81AA224A700159E18 /* EventCell.swift */; };
		DBD70A1E1A8A8F1400639001 /* EventForm.swift in Sources */ = {isa = PBXBuildFile; fileRef = DBD70A1D1A8A8F1400639001 /* EventForm.swift */; };
/* End PBXBuildFile section */

/* Begin PBXContainerItemProxy section */
		2ED6878F1B8800DC003F7457 /* PBXContainerItemProxy */ = {
			isa = PBXContainerItemProxy;
			containerPortal = 2ED687871B8800DC003F7457 /* SQLite.xcodeproj */;
			proxyType = 2;
			remoteGlobalIDString = DC3773F319C8CBB3004FCF85;
			remoteInfo = SQLite;
		};
		2ED687911B8800DC003F7457 /* PBXContainerItemProxy */ = {
			isa = PBXContainerItemProxy;
			containerPortal = 2ED687871B8800DC003F7457 /* SQLite.xcodeproj */;
			proxyType = 2;
			remoteGlobalIDString = DC3773FE19C8CBB3004FCF85;
			remoteInfo = "SQLite Tests";
		};
		2ED687931B8800DC003F7457 /* PBXContainerItemProxy */ = {
			isa = PBXContainerItemProxy;
			containerPortal = 2ED687871B8800DC003F7457 /* SQLite.xcodeproj */;
			proxyType = 2;
			remoteGlobalIDString = DCC6B3801A9191C300734B78;
			remoteInfo = SQLiteCipher;
		};
		2ED687951B8800DC003F7457 /* PBXContainerItemProxy */ = {
			isa = PBXContainerItemProxy;
			containerPortal = 2ED687871B8800DC003F7457 /* SQLite.xcodeproj */;
			proxyType = 2;
			remoteGlobalIDString = DCC6B3921A9191D100734B78;
			remoteInfo = "SQLiteCipher Tests";
		};
		2ED687971B880115003F7457 /* PBXContainerItemProxy */ = {
			isa = PBXContainerItemProxy;
			containerPortal = 2ED687871B8800DC003F7457 /* SQLite.xcodeproj */;
			proxyType = 1;
			remoteGlobalIDString = DC3773F219C8CBB3004FCF85;
			remoteInfo = SQLite;
		};
		DB3495DF1A6D78CF0083668E /* PBXContainerItemProxy */ = {
			isa = PBXContainerItemProxy;
			containerPortal = DB3495C11A6D78CF0083668E /* Project object */;
			proxyType = 1;
			remoteGlobalIDString = DB3495C81A6D78CF0083668E;
			remoteInfo = Koolendar;
		};
/* End PBXContainerItemProxy section */

/* Begin PBXCopyFilesBuildPhase section */
		2E1F3E9F1B913D810000DF65 /* CopyFiles */ = {
			isa = PBXCopyFilesBuildPhase;
			buildActionMask = 2147483647;
			dstPath = "";
			dstSubfolderSpec = 16;
			files = (
				2E1F3EA01B913D940000DF65 /* default_settings.json in CopyFiles */,
				2E1F3EA11B913D940000DF65 /* settings.json in CopyFiles */,
			);
			runOnlyForDeploymentPostprocessing = 0;
		};
		DBEB64621A943ED00002D772 /* CopyFiles */ = {
			isa = PBXCopyFilesBuildPhase;
			buildActionMask = 2147483647;
			dstPath = "";
			dstSubfolderSpec = 10;
			files = (
				2ED6879A1B880133003F7457 /* SQLite.framework in CopyFiles */,
			);
			runOnlyForDeploymentPostprocessing = 0;
		};
/* End PBXCopyFilesBuildPhase section */

/* Begin PBXFileReference section */
		2E2E82821A7099A800F83374 /* MonthViewController.swift */ = {isa = PBXFileReference; fileEncoding = 4; lastKnownFileType = sourcecode.swift; path = MonthViewController.swift; sourceTree = "<group>"; };
		2E39009E1B0E4B05005B4E6E /* Event.swift */ = {isa = PBXFileReference; fileEncoding = 4; lastKnownFileType = sourcecode.swift; path = Event.swift; sourceTree = "<group>"; };
		2E54ED181B89508F00E1F166 /* SettingsViewController.swift */ = {isa = PBXFileReference; fileEncoding = 4; lastKnownFileType = sourcecode.swift; path = SettingsViewController.swift; sourceTree = "<group>"; };
		2E54ED1F1B89522000E1F166 /* SidePanelCell.swift */ = {isa = PBXFileReference; fileEncoding = 4; lastKnownFileType = sourcecode.swift; path = SidePanelCell.swift; sourceTree = "<group>"; };
		2E54ED241B8BF02B00E1F166 /* SettingsTableViewCell.swift */ = {isa = PBXFileReference; fileEncoding = 4; lastKnownFileType = sourcecode.swift; path = SettingsTableViewCell.swift; sourceTree = "<group>"; };
		2E54ED261B8D3A0200E1F166 /* SettingsSubViewController.swift */ = {isa = PBXFileReference; fileEncoding = 4; lastKnownFileType = sourcecode.swift; path = SettingsSubViewController.swift; sourceTree = "<group>"; };
		2E5BDB821B840B53002F81F4 /* ContainerViewController.swift */ = {isa = PBXFileReference; fileEncoding = 4; lastKnownFileType = sourcecode.swift; path = ContainerViewController.swift; sourceTree = "<group>"; };
		2E5BDB841B8412C1002F81F4 /* CenterViewController.swift */ = {isa = PBXFileReference; fileEncoding = 4; lastKnownFileType = sourcecode.swift; path = CenterViewController.swift; sourceTree = "<group>"; };
		2E5BDB861B841529002F81F4 /* SidePanelViewController.swift */ = {isa = PBXFileReference; fileEncoding = 4; lastKnownFileType = sourcecode.swift; path = SidePanelViewController.swift; sourceTree = "<group>"; };
		2E7622291A6DABF800EAB134 /* MyPlayground.playground */ = {isa = PBXFileReference; lastKnownFileType = file.playground; path = MyPlayground.playground; sourceTree = "<group>"; };
		2E76222A1A6DB16200EAB134 /* README.md */ = {isa = PBXFileReference; fileEncoding = 4; lastKnownFileType = net.daringfireball.markdown; path = README.md; sourceTree = SOURCE_ROOT; };
		2E8C3D2E1B8FDC5A00F4D253 /* settings.json */ = {isa = PBXFileReference; fileEncoding = 4; lastKnownFileType = text.json; path = settings.json; sourceTree = "<group>"; };
		2E8C3D301B8FDFAE00F4D253 /* default_settings.json */ = {isa = PBXFileReference; fileEncoding = 4; lastKnownFileType = text.json; path = default_settings.json; sourceTree = "<group>"; };
		2ED290131A70AED000DF4356 /* MonthViewCell.swift */ = {isa = PBXFileReference; fileEncoding = 4; lastKnownFileType = sourcecode.swift; path = MonthViewCell.swift; sourceTree = "<group>"; };
		2ED290151A70B10500DF4356 /* DayViewController.swift */ = {isa = PBXFileReference; fileEncoding = 4; lastKnownFileType = sourcecode.swift; path = DayViewController.swift; sourceTree = "<group>"; };
		2ED290191A73284E00DF4356 /* KOOLColors.swift */ = {isa = PBXFileReference; fileEncoding = 4; lastKnownFileType = sourcecode.swift; path = KOOLColors.swift; sourceTree = "<group>"; };
		2ED290861A7485A200DF4356 /* Koolendar.xcdatamodel */ = {isa = PBXFileReference; lastKnownFileType = wrapper.xcdatamodel; path = Koolendar.xcdatamodel; sourceTree = "<group>"; };
		2ED687871B8800DC003F7457 /* SQLite.xcodeproj */ = {isa = PBXFileReference; lastKnownFileType = "wrapper.pb-project"; name = SQLite.xcodeproj; path = "../../../Downloads/SQLite.swift-master/SQLite.xcodeproj"; sourceTree = "<group>"; };
		2EDECBBB1AEB424B0059D523 /* DayOfTheWeekCell.swift */ = {isa = PBXFileReference; fileEncoding = 4; lastKnownFileType = sourcecode.swift; path = DayOfTheWeekCell.swift; sourceTree = "<group>"; };
		DB3495C91A6D78CF0083668E /* Koolendar.app */ = {isa = PBXFileReference; explicitFileType = wrapper.application; includeInIndex = 0; path = Koolendar.app; sourceTree = BUILT_PRODUCTS_DIR; };
		DB3495CD1A6D78CF0083668E /* Info.plist */ = {isa = PBXFileReference; lastKnownFileType = text.plist.xml; path = Info.plist; sourceTree = "<group>"; };
		DB3495CE1A6D78CF0083668E /* AppDelegate.swift */ = {isa = PBXFileReference; lastKnownFileType = sourcecode.swift; path = AppDelegate.swift; sourceTree = "<group>"; };
		DB3495D31A6D78CF0083668E /* Base */ = {isa = PBXFileReference; lastKnownFileType = file.storyboard; name = Base; path = Base.lproj/Main.storyboard; sourceTree = "<group>"; };
		DB3495D51A6D78CF0083668E /* Images.xcassets */ = {isa = PBXFileReference; lastKnownFileType = folder.assetcatalog; path = Images.xcassets; sourceTree = "<group>"; };
		DB3495D81A6D78CF0083668E /* Base */ = {isa = PBXFileReference; lastKnownFileType = file.xib; name = Base; path = Base.lproj/LaunchScreen.xib; sourceTree = "<group>"; };
		DB3495DE1A6D78CF0083668E /* KoolendarTests.xctest */ = {isa = PBXFileReference; explicitFileType = wrapper.cfbundle; includeInIndex = 0; path = KoolendarTests.xctest; sourceTree = BUILT_PRODUCTS_DIR; };
		DB3495E31A6D78CF0083668E /* Info.plist */ = {isa = PBXFileReference; lastKnownFileType = text.plist.xml; path = Info.plist; sourceTree = "<group>"; };
		DB3495E41A6D78CF0083668E /* KoolendarTests.swift */ = {isa = PBXFileReference; lastKnownFileType = sourcecode.swift; path = KoolendarTests.swift; sourceTree = "<group>"; };
		DB3495F01A6D87570083668E /* image-2013-08-25-024001.jpeg */ = {isa = PBXFileReference; lastKnownFileType = image.jpeg; path = "image-2013-08-25-024001.jpeg"; sourceTree = "<group>"; };
		DB3495F11A6D87570083668E /* image-2013-08-25-024033.jpeg */ = {isa = PBXFileReference; lastKnownFileType = image.jpeg; path = "image-2013-08-25-024033.jpeg"; sourceTree = "<group>"; };
		DB3495F61A6D8DDC0083668E /* url-3.jpg */ = {isa = PBXFileReference; lastKnownFileType = image.jpeg; path = "url-3.jpg"; sourceTree = "<group>"; };
		DB7577A81AA224A700159E18 /* EventCell.swift */ = {isa = PBXFileReference; fileEncoding = 4; lastKnownFileType = sourcecode.swift; path = EventCell.swift; sourceTree = "<group>"; };
		DBD70A1D1A8A8F1400639001 /* EventForm.swift */ = {isa = PBXFileReference; fileEncoding = 4; lastKnownFileType = sourcecode.swift; path = EventForm.swift; sourceTree = "<group>"; };
/* End PBXFileReference section */

/* Begin PBXFrameworksBuildPhase section */
		DB3495C61A6D78CF0083668E /* Frameworks */ = {
			isa = PBXFrameworksBuildPhase;
			buildActionMask = 2147483647;
			files = (
				2ED687991B880121003F7457 /* SQLite.framework in Frameworks */,
			);
			runOnlyForDeploymentPostprocessing = 0;
		};
		DB3495DB1A6D78CF0083668E /* Frameworks */ = {
			isa = PBXFrameworksBuildPhase;
			buildActionMask = 2147483647;
			files = (
			);
			runOnlyForDeploymentPostprocessing = 0;
		};
/* End PBXFrameworksBuildPhase section */

/* Begin PBXGroup section */
		2E3375681B9A787E001DE6D4 /* MonthView */ = {
			isa = PBXGroup;
			children = (
				2E2E82821A7099A800F83374 /* MonthViewController.swift */,
				2ED290131A70AED000DF4356 /* MonthViewCell.swift */,
				2EDECBBB1AEB424B0059D523 /* DayOfTheWeekCell.swift */,
			);
			name = MonthView;
			sourceTree = "<group>";
		};
		2E33756D1B9A78B6001DE6D4 /* DayView */ = {
			isa = PBXGroup;
			children = (
				2ED290151A70B10500DF4356 /* DayViewController.swift */,
				DB7577A81AA224A700159E18 /* EventCell.swift */,
			);
			name = DayView;
			sourceTree = "<group>";
		};
		2E33756E1B9A78D5001DE6D4 /* SettingsViews */ = {
			isa = PBXGroup;
			children = (
				2E54ED181B89508F00E1F166 /* SettingsViewController.swift */,
				2E54ED261B8D3A0200E1F166 /* SettingsSubViewController.swift */,
				2E54ED241B8BF02B00E1F166 /* SettingsTableViewCell.swift */,
			);
			name = SettingsViews;
			sourceTree = "<group>";
		};
		2E33756F1B9A78F8001DE6D4 /* ContainerView/SidePanelView */ = {
			isa = PBXGroup;
			children = (
				2E5BDB821B840B53002F81F4 /* ContainerViewController.swift */,
				2E5BDB841B8412C1002F81F4 /* CenterViewController.swift */,
				2E5BDB861B841529002F81F4 /* SidePanelViewController.swift */,
				2E54ED1F1B89522000E1F166 /* SidePanelCell.swift */,
			);
			name = ContainerView/SidePanelView;
			sourceTree = "<group>";
		};
		2E3375701B9A793C001DE6D4 /* EventForm */ = {
			isa = PBXGroup;
			children = (
				DBD70A1D1A8A8F1400639001 /* EventForm.swift */,
			);
			name = EventForm;
			sourceTree = "<group>";
		};
		2E76222C1A6DB18E00EAB134 /* Etc */ = {
			isa = PBXGroup;
			children = (
				2E7622291A6DABF800EAB134 /* MyPlayground.playground */,
				2E76222A1A6DB16200EAB134 /* README.md */,
			);
			name = Etc;
			sourceTree = "<group>";
		};
		2ED687881B8800DC003F7457 /* Products */ = {
			isa = PBXGroup;
			children = (
				2ED687901B8800DC003F7457 /* SQLite.framework */,
				2ED687921B8800DC003F7457 /* SQLite Tests.xctest */,
				2ED687941B8800DC003F7457 /* SQLite.framework */,
				2ED687961B8800DC003F7457 /* SQLiteCipher Tests.xctest */,
			);
			name = Products;
			sourceTree = "<group>";
		};
		DB3495C01A6D78CF0083668E = {
			isa = PBXGroup;
			children = (
				DB3495CB1A6D78CF0083668E /* Koolendar */,
				DB3495E11A6D78CF0083668E /* KoolendarTests */,
				DB3495CA1A6D78CF0083668E /* Products */,
				2ED687871B8800DC003F7457 /* SQLite.xcodeproj */,
			);
			sourceTree = "<group>";
		};
		DB3495CA1A6D78CF0083668E /* Products */ = {
			isa = PBXGroup;
			children = (
				DB3495C91A6D78CF0083668E /* Koolendar.app */,
				DB3495DE1A6D78CF0083668E /* KoolendarTests.xctest */,
			);
			name = Products;
			sourceTree = "<group>";
		};
		DB3495CB1A6D78CF0083668E /* Koolendar */ = {
			isa = PBXGroup;
			children = (
				DB3495CE1A6D78CF0083668E /* AppDelegate.swift */,
				2E3375681B9A787E001DE6D4 /* MonthView */,
				2E33756D1B9A78B6001DE6D4 /* DayView */,
				2E33756E1B9A78D5001DE6D4 /* SettingsViews */,
				2E33756F1B9A78F8001DE6D4 /* ContainerView/SidePanelView */,
				2E3375701B9A793C001DE6D4 /* EventForm */,
				2E39009E1B0E4B05005B4E6E /* Event.swift */,
				2ED290191A73284E00DF4356 /* KOOLColors.swift */,
				DB3495D21A6D78CF0083668E /* Main.storyboard */,
				2E8C3D301B8FDFAE00F4D253 /* default_settings.json */,
				2E8C3D2E1B8FDC5A00F4D253 /* settings.json */,
				DB3495D51A6D78CF0083668E /* Images.xcassets */,
				DB3495D71A6D78CF0083668E /* LaunchScreen.xib */,
				2ED290851A7485A200DF4356 /* Koolendar.xcdatamodeld */,
				2E76222C1A6DB18E00EAB134 /* Etc */,
				DB3495F81A6D8E210083668E /* images */,
				DB3495CC1A6D78CF0083668E /* Supporting Files */,
			);
			path = Koolendar;
			sourceTree = "<group>";
		};
		DB3495CC1A6D78CF0083668E /* Supporting Files */ = {
			isa = PBXGroup;
			children = (
				DB3495CD1A6D78CF0083668E /* Info.plist */,
			);
			name = "Supporting Files";
			sourceTree = "<group>";
		};
		DB3495E11A6D78CF0083668E /* KoolendarTests */ = {
			isa = PBXGroup;
			children = (
				DB3495E41A6D78CF0083668E /* KoolendarTests.swift */,
				DB3495E21A6D78CF0083668E /* Supporting Files */,
			);
			path = KoolendarTests;
			sourceTree = "<group>";
		};
		DB3495E21A6D78CF0083668E /* Supporting Files */ = {
			isa = PBXGroup;
			children = (
				DB3495E31A6D78CF0083668E /* Info.plist */,
			);
			name = "Supporting Files";
			sourceTree = "<group>";
		};
		DB3495F81A6D8E210083668E /* images */ = {
			isa = PBXGroup;
			children = (
				DB3495F61A6D8DDC0083668E /* url-3.jpg */,
				DB3495F01A6D87570083668E /* image-2013-08-25-024001.jpeg */,
				DB3495F11A6D87570083668E /* image-2013-08-25-024033.jpeg */,
			);
			name = images;
			sourceTree = "<group>";
		};
/* End PBXGroup section */

/* Begin PBXHeadersBuildPhase section */
		2E1F3E9C1B913C610000DF65 /* Headers */ = {
			isa = PBXHeadersBuildPhase;
			buildActionMask = 2147483647;
			files = (
				2E1F3E9D1B913CE30000DF65 /* default_settings.json in Headers */,
				2E1F3E9E1B913CE30000DF65 /* settings.json in Headers */,
			);
			runOnlyForDeploymentPostprocessing = 0;
		};
/* End PBXHeadersBuildPhase section */

/* Begin PBXNativeTarget section */
		DB3495C81A6D78CF0083668E /* Koolendar */ = {
			isa = PBXNativeTarget;
			buildConfigurationList = DB3495E81A6D78CF0083668E /* Build configuration list for PBXNativeTarget "Koolendar" */;
			buildPhases = (
				DB3495C51A6D78CF0083668E /* Sources */,
				DB3495C61A6D78CF0083668E /* Frameworks */,
				DB3495C71A6D78CF0083668E /* Resources */,
				DBEB64621A943ED00002D772 /* CopyFiles */,
				2E1F3E9C1B913C610000DF65 /* Headers */,
				2E1F3E9F1B913D810000DF65 /* CopyFiles */,
			);
			buildRules = (
			);
			dependencies = (
				2ED687981B880115003F7457 /* PBXTargetDependency */,
			);
			name = Koolendar;
			productName = Koolendar;
			productReference = DB3495C91A6D78CF0083668E /* Koolendar.app */;
			productType = "com.apple.product-type.application";
		};
		DB3495DD1A6D78CF0083668E /* KoolendarTests */ = {
			isa = PBXNativeTarget;
			buildConfigurationList = DB3495EB1A6D78CF0083668E /* Build configuration list for PBXNativeTarget "KoolendarTests" */;
			buildPhases = (
				DB3495DA1A6D78CF0083668E /* Sources */,
				DB3495DB1A6D78CF0083668E /* Frameworks */,
				DB3495DC1A6D78CF0083668E /* Resources */,
			);
			buildRules = (
			);
			dependencies = (
				DB3495E01A6D78CF0083668E /* PBXTargetDependency */,
			);
			name = KoolendarTests;
			productName = KoolendarTests;
			productReference = DB3495DE1A6D78CF0083668E /* KoolendarTests.xctest */;
			productType = "com.apple.product-type.bundle.unit-test";
		};
/* End PBXNativeTarget section */

/* Begin PBXProject section */
		DB3495C11A6D78CF0083668E /* Project object */ = {
			isa = PBXProject;
			attributes = {
				LastUpgradeCheck = 0610;
				ORGANIZATIONNAME = INOVA;
				TargetAttributes = {
					DB3495C81A6D78CF0083668E = {
						CreatedOnToolsVersion = 6.1.1;
					};
					DB3495DD1A6D78CF0083668E = {
						CreatedOnToolsVersion = 6.1.1;
						TestTargetID = DB3495C81A6D78CF0083668E;
					};
				};
			};
			buildConfigurationList = DB3495C41A6D78CF0083668E /* Build configuration list for PBXProject "Koolendar" */;
			compatibilityVersion = "Xcode 3.2";
			developmentRegion = English;
			hasScannedForEncodings = 0;
			knownRegions = (
				en,
				Base,
			);
			mainGroup = DB3495C01A6D78CF0083668E;
			productRefGroup = DB3495CA1A6D78CF0083668E /* Products */;
			projectDirPath = "";
			projectReferences = (
				{
					ProductGroup = 2ED687881B8800DC003F7457 /* Products */;
					ProjectRef = 2ED687871B8800DC003F7457 /* SQLite.xcodeproj */;
				},
			);
			projectRoot = "";
			targets = (
				DB3495C81A6D78CF0083668E /* Koolendar */,
				DB3495DD1A6D78CF0083668E /* KoolendarTests */,
			);
		};
/* End PBXProject section */

/* Begin PBXReferenceProxy section */
		2ED687901B8800DC003F7457 /* SQLite.framework */ = {
			isa = PBXReferenceProxy;
			fileType = wrapper.framework;
			path = SQLite.framework;
			remoteRef = 2ED6878F1B8800DC003F7457 /* PBXContainerItemProxy */;
			sourceTree = BUILT_PRODUCTS_DIR;
		};
		2ED687921B8800DC003F7457 /* SQLite Tests.xctest */ = {
			isa = PBXReferenceProxy;
			fileType = wrapper.cfbundle;
			path = "SQLite Tests.xctest";
			remoteRef = 2ED687911B8800DC003F7457 /* PBXContainerItemProxy */;
			sourceTree = BUILT_PRODUCTS_DIR;
		};
		2ED687941B8800DC003F7457 /* SQLite.framework */ = {
			isa = PBXReferenceProxy;
			fileType = wrapper.framework;
			path = SQLite.framework;
			remoteRef = 2ED687931B8800DC003F7457 /* PBXContainerItemProxy */;
			sourceTree = BUILT_PRODUCTS_DIR;
		};
		2ED687961B8800DC003F7457 /* SQLiteCipher Tests.xctest */ = {
			isa = PBXReferenceProxy;
			fileType = wrapper.cfbundle;
			path = "SQLiteCipher Tests.xctest";
			remoteRef = 2ED687951B8800DC003F7457 /* PBXContainerItemProxy */;
			sourceTree = BUILT_PRODUCTS_DIR;
		};
/* End PBXReferenceProxy section */

/* Begin PBXResourcesBuildPhase section */
		DB3495C71A6D78CF0083668E /* Resources */ = {
			isa = PBXResourcesBuildPhase;
			buildActionMask = 2147483647;
			files = (
				2E8C3D2F1B8FDC5A00F4D253 /* settings.json in Resources */,
				DB3495D41A6D78CF0083668E /* Main.storyboard in Resources */,
				2E8C3D311B8FDFAE00F4D253 /* default_settings.json in Resources */,
				DB3495D91A6D78CF0083668E /* LaunchScreen.xib in Resources */,
				DB3495D61A6D78CF0083668E /* Images.xcassets in Resources */,
				DB3495F21A6D87570083668E /* image-2013-08-25-024001.jpeg in Resources */,
				DB3495F71A6D8DDC0083668E /* url-3.jpg in Resources */,
				DB3495F31A6D87570083668E /* image-2013-08-25-024033.jpeg in Resources */,
			);
			runOnlyForDeploymentPostprocessing = 0;
		};
		DB3495DC1A6D78CF0083668E /* Resources */ = {
			isa = PBXResourcesBuildPhase;
			buildActionMask = 2147483647;
			files = (
			);
			runOnlyForDeploymentPostprocessing = 0;
		};
/* End PBXResourcesBuildPhase section */

/* Begin PBXSourcesBuildPhase section */
		DB3495C51A6D78CF0083668E /* Sources */ = {
			isa = PBXSourcesBuildPhase;
			buildActionMask = 2147483647;
			files = (
				2E5BDB851B8412C1002F81F4 /* CenterViewController.swift in Sources */,
				DBD70A1E1A8A8F1400639001 /* EventForm.swift in Sources */,
				2E2E82831A7099A800F83374 /* MonthViewController.swift in Sources */,
				DB7577A91AA224A700159E18 /* EventCell.swift in Sources */,
				2E5BDB871B841529002F81F4 /* SidePanelViewController.swift in Sources */,
				2E39009F1B0E4B05005B4E6E /* Event.swift in Sources */,
				2E54ED201B89522000E1F166 /* SidePanelCell.swift in Sources */,
				2ED290871A7485A200DF4356 /* Koolendar.xcdatamodeld in Sources */,
				2E54ED191B89508F00E1F166 /* SettingsViewController.swift in Sources */,
				2ED290161A70B10500DF4356 /* DayViewController.swift in Sources */,
				DB3495CF1A6D78CF0083668E /* AppDelegate.swift in Sources */,
				2E54ED251B8BF02B00E1F166 /* SettingsTableViewCell.swift in Sources */,
				2E76222B1A6DB16200EAB134 /* README.md in Sources */,
				2ED2901A1A73284E00DF4356 /* KOOLColors.swift in Sources */,
				2E54ED271B8D3A0200E1F166 /* SettingsSubViewController.swift in Sources */,
				2EDECBBC1AEB424B0059D523 /* DayOfTheWeekCell.swift in Sources */,
				2E5BDB831B840B53002F81F4 /* ContainerViewController.swift in Sources */,
				2ED290141A70AED000DF4356 /* MonthViewCell.swift in Sources */,
			);
			runOnlyForDeploymentPostprocessing = 0;
		};
		DB3495DA1A6D78CF0083668E /* Sources */ = {
			isa = PBXSourcesBuildPhase;
			buildActionMask = 2147483647;
			files = (
				DB3495E51A6D78CF0083668E /* KoolendarTests.swift in Sources */,
			);
			runOnlyForDeploymentPostprocessing = 0;
		};
/* End PBXSourcesBuildPhase section */

/* Begin PBXTargetDependency section */
		2ED687981B880115003F7457 /* PBXTargetDependency */ = {
			isa = PBXTargetDependency;
			name = SQLite;
			targetProxy = 2ED687971B880115003F7457 /* PBXContainerItemProxy */;
		};
		DB3495E01A6D78CF0083668E /* PBXTargetDependency */ = {
			isa = PBXTargetDependency;
			target = DB3495C81A6D78CF0083668E /* Koolendar */;
			targetProxy = DB3495DF1A6D78CF0083668E /* PBXContainerItemProxy */;
		};
/* End PBXTargetDependency section */

/* Begin PBXVariantGroup section */
		DB3495D21A6D78CF0083668E /* Main.storyboard */ = {
			isa = PBXVariantGroup;
			children = (
				DB3495D31A6D78CF0083668E /* Base */,
			);
			name = Main.storyboard;
			sourceTree = "<group>";
		};
		DB3495D71A6D78CF0083668E /* LaunchScreen.xib */ = {
			isa = PBXVariantGroup;
			children = (
				DB3495D81A6D78CF0083668E /* Base */,
			);
			name = LaunchScreen.xib;
			sourceTree = "<group>";
		};
/* End PBXVariantGroup section */

/* Begin XCBuildConfiguration section */
		DB3495E61A6D78CF0083668E /* Debug */ = {
			isa = XCBuildConfiguration;
			buildSettings = {
				ALWAYS_SEARCH_USER_PATHS = NO;
				CLANG_CXX_LANGUAGE_STANDARD = "gnu++0x";
				CLANG_CXX_LIBRARY = "libc++";
				CLANG_ENABLE_MODULES = YES;
				CLANG_ENABLE_OBJC_ARC = YES;
				CLANG_WARN_BOOL_CONVERSION = YES;
				CLANG_WARN_CONSTANT_CONVERSION = YES;
				CLANG_WARN_DIRECT_OBJC_ISA_USAGE = YES_ERROR;
				CLANG_WARN_EMPTY_BODY = YES;
				CLANG_WARN_ENUM_CONVERSION = YES;
				CLANG_WARN_INT_CONVERSION = YES;
				CLANG_WARN_OBJC_ROOT_CLASS = YES_ERROR;
				CLANG_WARN_UNREACHABLE_CODE = YES;
				CLANG_WARN__DUPLICATE_METHOD_MATCH = YES;
				"CODE_SIGN_IDENTITY[sdk=iphoneos*]" = "iPhone Developer";
				COPY_PHASE_STRIP = NO;
				ENABLE_STRICT_OBJC_MSGSEND = YES;
				GCC_C_LANGUAGE_STANDARD = gnu99;
				GCC_DYNAMIC_NO_PIC = NO;
				GCC_OPTIMIZATION_LEVEL = 0;
				GCC_PREPROCESSOR_DEFINITIONS = (
					"DEBUG=1",
					"$(inherited)",
				);
				GCC_SYMBOLS_PRIVATE_EXTERN = NO;
				GCC_WARN_64_TO_32_BIT_CONVERSION = YES;
				GCC_WARN_ABOUT_RETURN_TYPE = YES_ERROR;
				GCC_WARN_UNDECLARED_SELECTOR = YES;
				GCC_WARN_UNINITIALIZED_AUTOS = YES_AGGRESSIVE;
				GCC_WARN_UNUSED_FUNCTION = YES;
				GCC_WARN_UNUSED_VARIABLE = YES;
				IPHONEOS_DEPLOYMENT_TARGET = 8.1;
				MTL_ENABLE_DEBUG_INFO = YES;
				ONLY_ACTIVE_ARCH = YES;
				SDKROOT = iphoneos;
				SWIFT_OPTIMIZATION_LEVEL = "-Onone";
			};
			name = Debug;
		};
		DB3495E71A6D78CF0083668E /* Release */ = {
			isa = XCBuildConfiguration;
			buildSettings = {
				ALWAYS_SEARCH_USER_PATHS = NO;
				CLANG_CXX_LANGUAGE_STANDARD = "gnu++0x";
				CLANG_CXX_LIBRARY = "libc++";
				CLANG_ENABLE_MODULES = YES;
				CLANG_ENABLE_OBJC_ARC = YES;
				CLANG_WARN_BOOL_CONVERSION = YES;
				CLANG_WARN_CONSTANT_CONVERSION = YES;
				CLANG_WARN_DIRECT_OBJC_ISA_USAGE = YES_ERROR;
				CLANG_WARN_EMPTY_BODY = YES;
				CLANG_WARN_ENUM_CONVERSION = YES;
				CLANG_WARN_INT_CONVERSION = YES;
				CLANG_WARN_OBJC_ROOT_CLASS = YES_ERROR;
				CLANG_WARN_UNREACHABLE_CODE = YES;
				CLANG_WARN__DUPLICATE_METHOD_MATCH = YES;
				"CODE_SIGN_IDENTITY[sdk=iphoneos*]" = "iPhone Developer";
				COPY_PHASE_STRIP = YES;
				ENABLE_NS_ASSERTIONS = NO;
				ENABLE_STRICT_OBJC_MSGSEND = YES;
				GCC_C_LANGUAGE_STANDARD = gnu99;
				GCC_WARN_64_TO_32_BIT_CONVERSION = YES;
				GCC_WARN_ABOUT_RETURN_TYPE = YES_ERROR;
				GCC_WARN_UNDECLARED_SELECTOR = YES;
				GCC_WARN_UNINITIALIZED_AUTOS = YES_AGGRESSIVE;
				GCC_WARN_UNUSED_FUNCTION = YES;
				GCC_WARN_UNUSED_VARIABLE = YES;
				IPHONEOS_DEPLOYMENT_TARGET = 8.1;
				MTL_ENABLE_DEBUG_INFO = NO;
				SDKROOT = iphoneos;
				VALIDATE_PRODUCT = YES;
			};
			name = Release;
		};
		DB3495E91A6D78CF0083668E /* Debug */ = {
			isa = XCBuildConfiguration;
			buildSettings = {
				ASSETCATALOG_COMPILER_APPICON_NAME = AppIcon;
				INFOPLIST_FILE = Koolendar/Info.plist;
				IPHONEOS_DEPLOYMENT_TARGET = 8.1;
				LD_RUNPATH_SEARCH_PATHS = "$(inherited) @executable_path/Frameworks";
				PRODUCT_NAME = "$(TARGET_NAME)";
				TARGETED_DEVICE_FAMILY = "1,2";
			};
			name = Debug;
		};
		DB3495EA1A6D78CF0083668E /* Release */ = {
			isa = XCBuildConfiguration;
			buildSettings = {
				ASSETCATALOG_COMPILER_APPICON_NAME = AppIcon;
				INFOPLIST_FILE = Koolendar/Info.plist;
				IPHONEOS_DEPLOYMENT_TARGET = 8.1;
				LD_RUNPATH_SEARCH_PATHS = "$(inherited) @executable_path/Frameworks";
				PRODUCT_NAME = "$(TARGET_NAME)";
				TARGETED_DEVICE_FAMILY = "1,2";
			};
			name = Release;
		};
		DB3495EC1A6D78CF0083668E /* Debug */ = {
			isa = XCBuildConfiguration;
			buildSettings = {
				BUNDLE_LOADER = "$(TEST_HOST)";
				FRAMEWORK_SEARCH_PATHS = (
					"$(SDKROOT)/Developer/Library/Frameworks",
					"$(inherited)",
				);
				GCC_PREPROCESSOR_DEFINITIONS = (
					"DEBUG=1",
					"$(inherited)",
				);
				INFOPLIST_FILE = KoolendarTests/Info.plist;
				LD_RUNPATH_SEARCH_PATHS = "$(inherited) @executable_path/Frameworks @loader_path/Frameworks";
				PRODUCT_NAME = "$(TARGET_NAME)";
				TEST_HOST = "$(BUILT_PRODUCTS_DIR)/Koolendar.app/Koolendar";
			};
			name = Debug;
		};
		DB3495ED1A6D78CF0083668E /* Release */ = {
			isa = XCBuildConfiguration;
			buildSettings = {
				BUNDLE_LOADER = "$(TEST_HOST)";
				FRAMEWORK_SEARCH_PATHS = (
					"$(SDKROOT)/Developer/Library/Frameworks",
					"$(inherited)",
				);
				INFOPLIST_FILE = KoolendarTests/Info.plist;
				LD_RUNPATH_SEARCH_PATHS = "$(inherited) @executable_path/Frameworks @loader_path/Frameworks";
				PRODUCT_NAME = "$(TARGET_NAME)";
				TEST_HOST = "$(BUILT_PRODUCTS_DIR)/Koolendar.app/Koolendar";
			};
			name = Release;
		};
/* End XCBuildConfiguration section */

/* Begin XCConfigurationList section */
		DB3495C41A6D78CF0083668E /* Build configuration list for PBXProject "Koolendar" */ = {
			isa = XCConfigurationList;
			buildConfigurations = (
				DB3495E61A6D78CF0083668E /* Debug */,
				DB3495E71A6D78CF0083668E /* Release */,
			);
			defaultConfigurationIsVisible = 0;
			defaultConfigurationName = Release;
		};
		DB3495E81A6D78CF0083668E /* Build configuration list for PBXNativeTarget "Koolendar" */ = {
			isa = XCConfigurationList;
			buildConfigurations = (
				DB3495E91A6D78CF0083668E /* Debug */,
				DB3495EA1A6D78CF0083668E /* Release */,
			);
			defaultConfigurationIsVisible = 0;
			defaultConfigurationName = Release;
		};
		DB3495EB1A6D78CF0083668E /* Build configuration list for PBXNativeTarget "KoolendarTests" */ = {
			isa = XCConfigurationList;
			buildConfigurations = (
				DB3495EC1A6D78CF0083668E /* Debug */,
				DB3495ED1A6D78CF0083668E /* Release */,
			);
			defaultConfigurationIsVisible = 0;
			defaultConfigurationName = Release;
		};
/* End XCConfigurationList section */

/* Begin XCVersionGroup section */
		2ED290851A7485A200DF4356 /* Koolendar.xcdatamodeld */ = {
			isa = XCVersionGroup;
			children = (
				2ED290861A7485A200DF4356 /* Koolendar.xcdatamodel */,
			);
			currentVersion = 2ED290861A7485A200DF4356 /* Koolendar.xcdatamodel */;
			path = Koolendar.xcdatamodeld;
			sourceTree = "<group>";
			versionGroupType = wrapper.xcdatamodel;
		};
/* End XCVersionGroup section */
	};
	rootObject = DB3495C11A6D78CF0083668E /* Project object */;
}
